{
    "agent": {
        "io.methvin:directory-watcher": {
            "locked": "0.3.0"
        },
        "org.springframework:springloaded": {
            "locked": "1.2.8.RELEASE"
        }
    },
    "codenarc": {
        "io.9ci.yakworks:codenarc-extra": {
            "locked": "1.0.2",
            "requested": "1.0.2"
        },
        "org.codenarc:CodeNarc": {
            "locked": "1.1",
            "requested": "1.1"
        }
    },
    "compile": {
        "org.codehaus.gpars:gpars": {
            "locked": "1.2.1",
            "requested": "+"
        },
        "org.grails.plugins:events": {
            "locked": "3.3.2"
        },
        "org.grails.plugins:grails-java8": {
            "locked": "1.2.3",
            "requested": "1.2.3"
        },
        "org.grails.plugins:hibernate5": {
            "locked": "6.1.9"
        },
        "org.grails:grails-core": {
            "locked": "3.3.5"
        },
        "org.grails:grails-logging": {
            "locked": "3.3.5"
        },
        "org.grails:grails-plugin-databinding": {
            "locked": "3.3.5"
        },
        "org.grails:grails-plugin-services": {
            "locked": "3.3.5"
        },
        "org.grails:grails-web-boot": {
            "locked": "3.3.5"
        },
        "org.hibernate:hibernate-core": {
            "locked": "5.2.16.Final",
            "requested": "5.2.16.Final"
        },
        "org.hibernate:hibernate-ehcache": {
            "locked": "5.2.16.Final",
            "requested": "5.2.16.Final"
        },
        "org.springframework.boot:spring-boot-autoconfigure": {
            "locked": "1.5.12.RELEASE"
        },
        "org.springframework.boot:spring-boot-starter-logging": {
            "locked": "1.5.12.RELEASE"
        },
        "org.springframework.boot:spring-boot-starter-tomcat": {
            "locked": "1.5.12.RELEASE"
        }
    },
    "compileClasspath": {
        "org.codehaus.gpars:gpars": {
            "locked": "1.2.1",
            "requested": "+"
        },
        "org.grails.plugins:build-test-data": {
            "locked": "3.3.0.RC2",
            "requested": "3.3.+"
        },
        "org.grails.plugins:events": {
            "locked": "3.3.2"
        },
        "org.grails.plugins:grails-java8": {
            "locked": "1.2.3",
            "requested": "1.2.3"
        },
        "org.grails.plugins:hibernate5": {
            "locked": "6.1.9"
        },
        "org.grails.plugins:views-json": {
            "locked": "1.2.7",
            "requested": "1.2.7"
        },
        "org.grails.plugins:views-json-templates": {
            "locked": "1.2.7",
            "requested": "1.2.7"
        },
        "org.grails:grails-core": {
            "locked": "3.3.5"
        },
        "org.grails:grails-gorm-testing-support": {
            "locked": "1.1.4"
        },
        "org.grails:grails-logging": {
            "locked": "3.3.5"
        },
        "org.grails:grails-plugin-databinding": {
            "locked": "3.3.5"
        },
        "org.grails:grails-plugin-services": {
            "locked": "3.3.5"
        },
        "org.grails:grails-web-boot": {
            "locked": "3.3.5"
        },
        "org.grails:grails-web-testing-support": {
            "locked": "1.1.4"
        },
        "org.grails:views-json-testing-support": {
            "locked": "1.2.7",
            "requested": "1.2.7"
        },
        "org.hibernate:hibernate-core": {
            "locked": "5.2.16.Final",
            "requested": "5.2.16.Final"
        },
        "org.hibernate:hibernate-ehcache": {
            "locked": "5.2.16.Final",
            "requested": "5.2.16.Final"
        },
        "org.springframework.boot:spring-boot-autoconfigure": {
            "locked": "1.5.12.RELEASE"
        },
        "org.springframework.boot:spring-boot-starter-logging": {
            "locked": "1.5.12.RELEASE"
        },
        "org.springframework.boot:spring-boot-starter-tomcat": {
            "locked": "1.5.12.RELEASE"
        },
        "org.springframework:spring-test": {
            "locked": "4.3.16.RELEASE"
        }
    },
    "compileOnly": {
        "org.grails.plugins:build-test-data": {
            "locked": "3.3.0.RC2",
            "requested": "3.3.+"
        },
        "org.grails.plugins:views-json": {
            "locked": "1.2.7",
            "requested": "1.2.7"
        },
        "org.grails.plugins:views-json-templates": {
            "locked": "1.2.7",
            "requested": "1.2.7"
        },
        "org.grails:grails-gorm-testing-support": {
            "locked": "1.1.4"
        },
        "org.grails:grails-web-testing-support": {
            "locked": "1.1.4"
        },
        "org.grails:views-json-testing-support": {
            "locked": "1.2.7",
            "requested": "1.2.7"
        },
        "org.springframework:spring-test": {
            "locked": "4.3.16.RELEASE"
        }
    },
    "console": {
        "org.grails:grails-console": {
            "locked": "3.3.5"
        }
    },
    "default": {
        "org.codehaus.gpars:gpars": {
            "locked": "1.2.1",
            "requested": "+"
        },
        "org.grails.plugins:events": {
            "locked": "3.3.2"
        },
        "org.grails.plugins:grails-java8": {
            "locked": "1.2.3",
            "requested": "1.2.3"
        },
        "org.grails.plugins:hibernate5": {
            "locked": "6.1.9"
        },
        "org.grails:grails-core": {
            "locked": "3.3.5"
        },
        "org.grails:grails-logging": {
            "locked": "3.3.5"
        },
        "org.grails:grails-plugin-databinding": {
            "locked": "3.3.5"
        },
        "org.grails:grails-plugin-services": {
            "locked": "3.3.5"
        },
        "org.grails:grails-web-boot": {
            "locked": "3.3.5"
        },
        "org.hibernate:hibernate-core": {
            "locked": "5.2.16.Final",
            "requested": "5.2.16.Final"
        },
        "org.hibernate:hibernate-ehcache": {
            "locked": "5.2.16.Final",
            "requested": "5.2.16.Final"
        },
        "org.springframework.boot:spring-boot-autoconfigure": {
            "locked": "1.5.12.RELEASE"
        },
        "org.springframework.boot:spring-boot-starter-logging": {
            "locked": "1.5.12.RELEASE"
        },
        "org.springframework.boot:spring-boot-starter-tomcat": {
            "locked": "1.5.12.RELEASE"
        }
    },
    "profile": {
        "org.grails.profiles:web-plugin": {
            "locked": "3.3.0"
        }
    },
    "runtime": {
        "org.codehaus.gpars:gpars": {
            "locked": "1.2.1",
            "requested": "+"
        },
        "org.grails.plugins:events": {
            "locked": "3.3.2"
        },
        "org.grails.plugins:grails-java8": {
            "locked": "1.2.3",
            "requested": "1.2.3"
        },
        "org.grails.plugins:hibernate5": {
            "locked": "6.1.9"
        },
        "org.grails:grails-core": {
            "locked": "3.3.5"
        },
        "org.grails:grails-logging": {
            "locked": "3.3.5"
        },
        "org.grails:grails-plugin-databinding": {
            "locked": "3.3.5"
        },
        "org.grails:grails-plugin-services": {
            "locked": "3.3.5"
        },
        "org.grails:grails-web-boot": {
            "locked": "3.3.5"
        },
        "org.hibernate:hibernate-core": {
            "locked": "5.2.16.Final",
            "requested": "5.2.16.Final"
        },
        "org.hibernate:hibernate-ehcache": {
            "locked": "5.2.16.Final",
            "requested": "5.2.16.Final"
        },
        "org.springframework.boot:spring-boot-autoconfigure": {
            "locked": "1.5.12.RELEASE"
        },
        "org.springframework.boot:spring-boot-starter-logging": {
            "locked": "1.5.12.RELEASE"
        },
        "org.springframework.boot:spring-boot-starter-tomcat": {
            "locked": "1.5.12.RELEASE"
        }
    },
    "runtimeClasspath": {
        "org.codehaus.gpars:gpars": {
            "locked": "1.2.1",
            "requested": "+"
        },
        "org.grails.plugins:events": {
            "locked": "3.3.2"
        },
        "org.grails.plugins:grails-java8": {
            "locked": "1.2.3",
            "requested": "1.2.3"
        },
        "org.grails.plugins:hibernate5": {
            "locked": "6.1.9"
        },
        "org.grails:grails-core": {
            "locked": "3.3.5"
        },
        "org.grails:grails-logging": {
            "locked": "3.3.5"
        },
        "org.grails:grails-plugin-databinding": {
            "locked": "3.3.5"
        },
        "org.grails:grails-plugin-services": {
            "locked": "3.3.5"
        },
        "org.grails:grails-web-boot": {
            "locked": "3.3.5"
        },
        "org.hibernate:hibernate-core": {
            "locked": "5.2.16.Final",
            "requested": "5.2.16.Final"
        },
        "org.hibernate:hibernate-ehcache": {
            "locked": "5.2.16.Final",
            "requested": "5.2.16.Final"
        },
        "org.springframework.boot:spring-boot-autoconfigure": {
            "locked": "1.5.12.RELEASE"
        },
        "org.springframework.boot:spring-boot-starter-logging": {
            "locked": "1.5.12.RELEASE"
        },
        "org.springframework.boot:spring-boot-starter-tomcat": {
            "locked": "1.5.12.RELEASE"
        }
    },
    "testCompile": {
        "org.codehaus.gpars:gpars": {
            "locked": "1.2.1",
            "requested": "+"
        },
        "org.grails.plugins:build-test-data": {
            "locked": "3.3.0.RC2",
            "requested": "3.3.+"
        },
        "org.grails.plugins:events": {
            "locked": "3.3.2"
        },
        "org.grails.plugins:grails-java8": {
            "locked": "1.2.3",
            "requested": "1.2.3"
        },
        "org.grails.plugins:hibernate5": {
            "locked": "6.1.9"
        },
        "org.grails:grails-core": {
            "locked": "3.3.5"
        },
        "org.grails:grails-gorm-testing-support": {
            "locked": "1.1.4"
        },
        "org.grails:grails-logging": {
            "locked": "3.3.5"
        },
        "org.grails:grails-plugin-databinding": {
            "locked": "3.3.5"
        },
        "org.grails:grails-plugin-services": {
            "locked": "3.3.5"
        },
        "org.grails:grails-web-boot": {
            "locked": "3.3.5"
        },
        "org.grails:grails-web-testing-support": {
            "locked": "1.1.4"
        },
        "org.grails:views-json-testing-support": {
            "locked": "1.2.7",
            "requested": "1.2.7"
        },
        "org.hibernate:hibernate-core": {
            "locked": "5.2.16.Final",
            "requested": "5.2.16.Final"
        },
        "org.hibernate:hibernate-ehcache": {
            "locked": "5.2.16.Final",
            "requested": "5.2.16.Final"
        },
        "org.springframework.boot:spring-boot-autoconfigure": {
            "locked": "1.5.12.RELEASE"
        },
        "org.springframework.boot:spring-boot-starter-logging": {
            "locked": "1.5.12.RELEASE"
        },
        "org.springframework.boot:spring-boot-starter-tomcat": {
            "locked": "1.5.12.RELEASE"
        }
    },
    "testCompileClasspath": {
        "org.codehaus.gpars:gpars": {
            "locked": "1.2.1",
            "requested": "+"
        },
        "org.grails.plugins:build-test-data": {
            "locked": "3.3.0.RC2",
            "requested": "3.3.+"
        },
        "org.grails.plugins:events": {
            "locked": "3.3.2"
        },
        "org.grails.plugins:grails-java8": {
            "locked": "1.2.3",
            "requested": "1.2.3"
        },
        "org.grails.plugins:hibernate5": {
            "locked": "6.1.9"
        },
        "org.grails:grails-core": {
            "locked": "3.3.5"
        },
        "org.grails:grails-gorm-testing-support": {
            "locked": "1.1.4"
        },
        "org.grails:grails-logging": {
            "locked": "3.3.5"
        },
        "org.grails:grails-plugin-databinding": {
            "locked": "3.3.5"
        },
        "org.grails:grails-plugin-services": {
            "locked": "3.3.5"
        },
        "org.grails:grails-web-boot": {
            "locked": "3.3.5"
        },
        "org.grails:grails-web-testing-support": {
            "locked": "1.1.4"
        },
        "org.grails:views-json-testing-support": {
            "locked": "1.2.7",
            "requested": "1.2.7"
        },
        "org.hibernate:hibernate-core": {
            "locked": "5.2.16.Final",
            "requested": "5.2.16.Final"
        },
        "org.hibernate:hibernate-ehcache": {
            "locked": "5.2.16.Final",
            "requested": "5.2.16.Final"
        },
        "org.springframework.boot:spring-boot-autoconfigure": {
            "locked": "1.5.12.RELEASE"
        },
        "org.springframework.boot:spring-boot-starter-logging": {
            "locked": "1.5.12.RELEASE"
        },
        "org.springframework.boot:spring-boot-starter-tomcat": {
            "locked": "1.5.12.RELEASE"
        }
    },
    "testRuntime": {
        "com.h2database:h2": {
            "locked": "1.4.197"
        },
        "org.apache.tomcat:tomcat-jdbc": {
            "locked": "8.5.29"
        },
        "org.codehaus.gpars:gpars": {
            "locked": "1.2.1",
            "requested": "+"
        },
        "org.grails.plugins:build-test-data": {
            "locked": "3.3.0.RC2",
            "requested": "3.3.+"
        },
        "org.grails.plugins:events": {
            "locked": "3.3.2"
        },
        "org.grails.plugins:grails-java8": {
            "locked": "1.2.3",
            "requested": "1.2.3"
        },
        "org.grails.plugins:hibernate5": {
            "locked": "6.1.9"
        },
        "org.grails:grails-core": {
            "locked": "3.3.5"
        },
        "org.grails:grails-gorm-testing-support": {
            "locked": "1.1.4"
        },
        "org.grails:grails-logging": {
            "locked": "3.3.5"
        },
        "org.grails:grails-plugin-databinding": {
            "locked": "3.3.5"
        },
        "org.grails:grails-plugin-services": {
            "locked": "3.3.5"
        },
        "org.grails:grails-web-boot": {
            "locked": "3.3.5"
        },
        "org.grails:grails-web-testing-support": {
            "locked": "1.1.4"
        },
        "org.grails:views-json-testing-support": {
            "locked": "1.2.7",
            "requested": "1.2.7"
        },
        "org.hibernate:hibernate-core": {
            "locked": "5.2.16.Final",
            "requested": "5.2.16.Final"
        },
        "org.hibernate:hibernate-ehcache": {
            "locked": "5.2.16.Final",
            "requested": "5.2.16.Final"
        },
        "org.seleniumhq.selenium:selenium-api": {
            "locked": "3.6.0",
            "requested": "3.6.0"
        },
        "org.seleniumhq.selenium:selenium-chrome-driver": {
            "locked": "3.6.0",
            "requested": "3.6.0"
        },
        "org.springframework.boot:spring-boot-autoconfigure": {
            "locked": "1.5.12.RELEASE"
        },
        "org.springframework.boot:spring-boot-starter-logging": {
            "locked": "1.5.12.RELEASE"
        },
        "org.springframework.boot:spring-boot-starter-tomcat": {
            "locked": "1.5.12.RELEASE"
        }
    },
    "testRuntimeClasspath": {
        "com.h2database:h2": {
            "locked": "1.4.197"
        },
        "org.apache.tomcat:tomcat-jdbc": {
            "locked": "8.5.29"
        },
        "org.codehaus.gpars:gpars": {
            "locked": "1.2.1",
            "requested": "+"
        },
        "org.grails.plugins:build-test-data": {
            "locked": "3.3.0.RC2",
            "requested": "3.3.+"
        },
        "org.grails.plugins:events": {
            "locked": "3.3.2"
        },
        "org.grails.plugins:grails-java8": {
            "locked": "1.2.3",
            "requested": "1.2.3"
        },
        "org.grails.plugins:hibernate5": {
            "locked": "6.1.9"
        },
        "org.grails:grails-core": {
            "locked": "3.3.5"
        },
        "org.grails:grails-gorm-testing-support": {
            "locked": "1.1.4"
        },
        "org.grails:grails-logging": {
            "locked": "3.3.5"
        },
        "org.grails:grails-plugin-databinding": {
            "locked": "3.3.5"
        },
        "org.grails:grails-plugin-services": {
            "locked": "3.3.5"
        },
        "org.grails:grails-web-boot": {
            "locked": "3.3.5"
        },
        "org.grails:grails-web-testing-support": {
            "locked": "1.1.4"
        },
        "org.grails:views-json-testing-support": {
            "locked": "1.2.7",
            "requested": "1.2.7"
        },
        "org.hibernate:hibernate-core": {
            "locked": "5.2.16.Final",
            "requested": "5.2.16.Final"
        },
        "org.hibernate:hibernate-ehcache": {
            "locked": "5.2.16.Final",
            "requested": "5.2.16.Final"
        },
        "org.seleniumhq.selenium:selenium-api": {
            "locked": "3.6.0",
            "requested": "3.6.0"
        },
        "org.seleniumhq.selenium:selenium-chrome-driver": {
            "locked": "3.6.0",
            "requested": "3.6.0"
        },
        "org.springframework.boot:spring-boot-autoconfigure": {
            "locked": "1.5.12.RELEASE"
        },
        "org.springframework.boot:spring-boot-starter-logging": {
            "locked": "1.5.12.RELEASE"
        },
        "org.springframework.boot:spring-boot-starter-tomcat": {
            "locked": "1.5.12.RELEASE"
        }
    }
}